// !$*UTF8*$!
{
	archiveVersion = 1;
	classes = {
	};
	objectVersion = 56;
	objects = {

/* Begin PBXBuildFile section */
		E1647ED82FAB34580034F15A /* AsynLetDownloadImagesView.swift in Sources */ = {isa = PBXBuildFile; fileRef = E1647ED72FAB34580034F15A /* AsynLetDownloadImagesView.swift */; };
		E175B4DA2FAF3F1A00CB6D38 /* WeatherAppTests.swift in Sources */ = {isa = PBXBuildFile; fileRef = E175B4D92FAF3F1A00CB6D38 /* WeatherAppTests.swift */; };
		E189F03C2F9F9B0200D8C4F7 /* UIKitInSwiftUIView.swift in Sources */ = {isa = PBXBuildFile; fileRef = E189F03B2F9F9B0200D8C4F7 /* UIKitInSwiftUIView.swift */; };
		E189F05E2F9FB60200D8C4F7 /* AppStorageView.swift in Sources */ = {isa = PBXBuildFile; fileRef = E189F05D2F9FB60200D8C4F7 /* AppStorageView.swift */; };
		E1C94D522FAB706E000C3017 /* TaskGroupImagesView.swift in Sources */ = {isa = PBXBuildFile; fileRef = E1C94D512FAB706E000C3017 /* TaskGroupImagesView.swift */; };
		E1D3D3BE2F9F700A00996B53 /* WeatherAppApp.swift in Sources */ = {isa = PBXBuildFile; fileRef = E1D3D3BD2F9F700A00996B53 /* WeatherAppApp.swift */; };
		E1D3D3C02F9F700A00996B53 /* ContentView.swift in Sources */ = {isa = PBXBuildFile; fileRef = E1D3D3BF2F9F700A00996B53 /* ContentView.swift */; };
		E1D3D3C22F9F701000996B53 /* Assets.xcassets in Resources */ = {isa = PBXBuildFile; fileRef = E1D3D3C12F9F701000996B53 /* Assets.xcassets */; };
		E1D3D3C62F9F701000996B53 /* Preview Assets.xcassets in Resources */ = {isa = PBXBuildFile; fileRef = E1D3D3C52F9F701000996B53 /* Preview Assets.xcassets */; };
		E1D3D3CE2F9F706300996B53 /* Location.swift in Sources */ = {isa = PBXBuildFile; fileRef = E1D3D3CD2F9F706300996B53 /* Location.swift */; };
		E1D3D3D02F9F714F00996B53 /* Weather.swift in Sources */ = {isa = PBXBuildFile; fileRef = E1D3D3CF2F9F714F00996B53 /* Weather.swift */; };
		E1D3D3D32F9F72BC00996B53 /* APIEndpoint.swift in Sources */ = {isa = PBXBuildFile; fileRef = E1D3D3D22F9F72BC00996B53 /* APIEndpoint.swift */; };
		E1D3D3D62F9F738B00996B53 /* Constants.swift in Sources */ = {isa = PBXBuildFile; fileRef = E1D3D3D52F9F738B00996B53 /* Constants.swift */; };
		E1D3D3D82F9F760100996B53 /* GeocodingClient.swift in Sources */ = {isa = PBXBuildFile; fileRef = E1D3D3D72F9F760100996B53 /* GeocodingClient.swift */; };
		E1D3D3DA2F9F79B900996B53 /* WeatherClient.swift in Sources */ = {isa = PBXBuildFile; fileRef = E1D3D3D92F9F79B900996B53 /* WeatherClient.swift */; };
/* End PBXBuildFile section */

/* Begin PBXContainerItemProxy section */
		E175B4DB2FAF3F1A00CB6D38 /* PBXContainerItemProxy */ = {
			isa = PBXContainerItemProxy;
			containerPortal = E1D3D3B22F9F700A00996B53 /* Project object */;
			proxyType = 1;
			remoteGlobalIDString = E1D3D3B92F9F700A00996B53;
			remoteInfo = WeatherApp;
		};
/* End PBXContainerItemProxy section */

/* Begin PBXFileReference section */
		E1647ED72FAB34580034F15A /* AsynLetDownloadImagesView.swift */ = {isa = PBXFileReference; lastKnownFileType = sourcecode.swift; path = AsynLetDownloadImagesView.swift; sourceTree = "<group>"; };
		E175B4D72FAF3F1900CB6D38 /* WeatherAppTests.xctest */ = {isa = PBXFileReference; explicitFileType = wrapper.cfbundle; includeInIndex = 0; path = WeatherAppTests.xctest; sourceTree = BUILT_PRODUCTS_DIR; };
		E175B4D92FAF3F1A00CB6D38 /* WeatherAppTests.swift */ = {isa = PBXFileReference; lastKnownFileType = sourcecode.swift; path = WeatherAppTests.swift; sourceTree = "<group>"; };
		E189F03B2F9F9B0200D8C4F7 /* UIKitInSwiftUIView.swift */ = {isa = PBXFileReference; lastKnownFileType = sourcecode.swift; path = UIKitInSwiftUIView.swift; sourceTree = "<group>"; };
		E189F05D2F9FB60200D8C4F7 /* AppStorageView.swift */ = {isa = PBXFileReference; lastKnownFileType = sourcecode.swift; path = AppStorageView.swift; sourceTree = "<group>"; };
		E1C94D512FAB706E000C3017 /* TaskGroupImagesView.swift */ = {isa = PBXFileReference; lastKnownFileType = sourcecode.swift; path = TaskGroupImagesView.swift; sourceTree = "<group>"; };
		E1D3D3BA2F9F700A00996B53 /* WeatherApp.app */ = {isa = PBXFileReference; explicitFileType = wrapper.application; includeInIndex = 0; path = WeatherApp.app; sourceTree = BUILT_PRODUCTS_DIR; };
		E1D3D3BD2F9F700A00996B53 /* WeatherAppApp.swift */ = {isa = PBXFileReference; lastKnownFileType = sourcecode.swift; path = WeatherAppApp.swift; sourceTree = "<group>"; };
		E1D3D3BF2F9F700A00996B53 /* ContentView.swift */ = {isa = PBXFileReference; lastKnownFileType = sourcecode.swift; path = ContentView.swift; sourceTree = "<group>"; };
		E1D3D3C12F9F701000996B53 /* Assets.xcassets */ = {isa = PBXFileReference; lastKnownFileType = folder.assetcatalog; path = Assets.xcassets; sourceTree = "<group>"; };
		E1D3D3C32F9F701000996B53 /* WeatherApp.entitlements */ = {isa = PBXFileReference; lastKnownFileType = text.plist.entitlements; path = WeatherApp.entitlements; sourceTree = "<group>"; };
		E1D3D3C52F9F701000996B53 /* Preview Assets.xcassets */ = {isa = PBXFileReference; lastKnownFileType = folder.assetcatalog; path = "Preview Assets.xcassets"; sourceTree = "<group>"; };
		E1D3D3CD2F9F706300996B53 /* Location.swift */ = {isa = PBXFileReference; lastKnownFileType = sourcecode.swift; path = Location.swift; sourceTree = "<group>"; };
		E1D3D3CF2F9F714F00996B53 /* Weather.swift */ = {isa = PBXFileReference; lastKnownFileType = sourcecode.swift; path = Weather.swift; sourceTree = "<group>"; };
		E1D3D3D22F9F72BC00996B53 /* APIEndpoint.swift */ = {isa = PBXFileReference; lastKnownFileType = sourcecode.swift; path = APIEndpoint.swift; sourceTree = "<group>"; };
		E1D3D3D52F9F738B00996B53 /* Constants.swift */ = {isa = PBXFileReference; lastKnownFileType = sourcecode.swift; path = Constants.swift; sourceTree = "<group>"; };
		E1D3D3D72F9F760100996B53 /* GeocodingClient.swift */ = {isa = PBXFileReference; lastKnownFileType = sourcecode.swift; path = GeocodingClient.swift; sourceTree = "<group>"; };
		E1D3D3D92F9F79B900996B53 /* WeatherClient.swift */ = {isa = PBXFileReference; lastKnownFileType = sourcecode.swift; path = WeatherClient.swift; sourceTree = "<group>"; };
/* End PBXFileReference section */

/* Begin PBXFrameworksBuildPhase section */
		E175B4D42FAF3F1900CB6D38 /* Frameworks */ = {
			isa = PBXFrameworksBuildPhase;
			buildActionMask = 2147483647;
			files = (
			);
			runOnlyForDeploymentPostprocessing = 0;
		};
		E1D3D3B72F9F700A00996B53 /* Frameworks */ = {
			isa = PBXFrameworksBuildPhase;
			buildActionMask = 2147483647;
			files = (
			);
			runOnlyForDeploymentPostprocessing = 0;
		};
/* End PBXFrameworksBuildPhase section */

/* Begin PBXGroup section */
		E175B4D82FAF3F1A00CB6D38 /* WeatherAppTests */ = {
			isa = PBXGroup;
			children = (
				E175B4D92FAF3F1A00CB6D38 /* WeatherAppTests.swift */,
			);
			path = WeatherAppTests;
			sourceTree = "<group>";
		};
		E189F03A2F9F9AB700D8C4F7 /* Views */ = {
			isa = PBXGroup;
			children = (
				E1D3D3BF2F9F700A00996B53 /* ContentView.swift */,
				E189F03B2F9F9B0200D8C4F7 /* UIKitInSwiftUIView.swift */,
				E189F05D2F9FB60200D8C4F7 /* AppStorageView.swift */,
				E1647ED72FAB34580034F15A /* AsynLetDownloadImagesView.swift */,
				E1C94D512FAB706E000C3017 /* TaskGroupImagesView.swift */,
			);
			path = Views;
			sourceTree = "<group>";
		};
		E1D3D3B12F9F700A00996B53 = {
			isa = PBXGroup;
			children = (
				E1D3D3BC2F9F700A00996B53 /* WeatherApp */,
				E175B4D82FAF3F1A00CB6D38 /* WeatherAppTests */,
				E1D3D3BB2F9F700A00996B53 /* Products */,
			);
			sourceTree = "<group>";
		};
		E1D3D3BB2F9F700A00996B53 /* Products */ = {
			isa = PBXGroup;
			children = (
				E1D3D3BA2F9F700A00996B53 /* WeatherApp.app */,
				E175B4D72FAF3F1900CB6D38 /* WeatherAppTests.xctest */,
			);
			name = Products;
			sourceTree = "<group>";
		};
		E1D3D3BC2F9F700A00996B53 /* WeatherApp */ = {
			isa = PBXGroup;
			children = (
				E1D3D3BD2F9F700A00996B53 /* WeatherAppApp.swift */,
				E189F03A2F9F9AB700D8C4F7 /* Views */,
				E1D3D3D42F9F737900996B53 /* Utilities */,
				E1D3D3D12F9F729E00996B53 /* Clients */,
				E1D3D3CC2F9F705000996B53 /* Models */,
				E1D3D3C12F9F701000996B53 /* Assets.xcassets */,
				E1D3D3C32F9F701000996B53 /* WeatherApp.entitlements */,
				E1D3D3C42F9F701000996B53 /* Preview Content */,
			);
			path = WeatherApp;
			sourceTree = "<group>";
		};
		E1D3D3C42F9F701000996B53 /* Preview Content */ = {
			isa = PBXGroup;
			children = (
				E1D3D3C52F9F701000996B53 /* Preview Assets.xcassets */,
			);
			path = "Preview Content";
			sourceTree = "<group>";
		};
		E1D3D3CC2F9F705000996B53 /* Models */ = {
			isa = PBXGroup;
			children = (
				E1D3D3CD2F9F706300996B53 /* Location.swift */,
				E1D3D3CF2F9F714F00996B53 /* Weather.swift */,
			);
			path = Models;
			sourceTree = "<group>";
		};
		E1D3D3D12F9F729E00996B53 /* Clients */ = {
			isa = PBXGroup;
			children = (
				E1D3D3D22F9F72BC00996B53 /* APIEndpoint.swift */,
				E1D3D3D72F9F760100996B53 /* GeocodingClient.swift */,
				E1D3D3D92F9F79B900996B53 /* WeatherClient.swift */,
			);
			path = Clients;
			sourceTree = "<group>";
		};
		E1D3D3D42F9F737900996B53 /* Utilities */ = {
			isa = PBXGroup;
			children = (
				E1D3D3D52F9F738B00996B53 /* Constants.swift */,
			);
			path = Utilities;
			sourceTree = "<group>";
		};
/* End PBXGroup section */

/* Begin PBXNativeTarget section */
		E175B4D62FAF3F1900CB6D38 /* WeatherAppTests */ = {
			isa = PBXNativeTarget;
			buildConfigurationList = E175B4DF2FAF3F1A00CB6D38 /* Build configuration list for PBXNativeTarget "WeatherAppTests" */;
			buildPhases = (
				E175B4D32FAF3F1900CB6D38 /* Sources */,
				E175B4D42FAF3F1900CB6D38 /* Frameworks */,
				E175B4D52FAF3F1900CB6D38 /* Resources */,
			);
			buildRules = (
			);
			dependencies = (
				E175B4DC2FAF3F1A00CB6D38 /* PBXTargetDependency */,
			);
			name = WeatherAppTests;
			productName = WeatherAppTests;
			productReference = E175B4D72FAF3F1900CB6D38 /* WeatherAppTests.xctest */;
			productType = "com.apple.product-type.bundle.unit-test";
		};
		E1D3D3B92F9F700A00996B53 /* WeatherApp */ = {
			isa = PBXNativeTarget;
			buildConfigurationList = E1D3D3C92F9F701000996B53 /* Build configuration list for PBXNativeTarget "WeatherApp" */;
			buildPhases = (
				E1D3D3B62F9F700A00996B53 /* Sources */,
				E1D3D3B72F9F700A00996B53 /* Frameworks */,
				E1D3D3B82F9F700A00996B53 /* Resources */,
			);
			buildRules = (
			);
			dependencies = (
			);
			name = WeatherApp;
			productName = WeatherApp;
			productReference = E1D3D3BA2F9F700A00996B53 /* WeatherApp.app */;
			productType = "com.apple.product-type.application";
		};
/* End PBXNativeTarget section */

/* Begin PBXProject section */
		E1D3D3B22F9F700A00996B53 /* Project object */ = {
			isa = PBXProject;
			attributes = {
				BuildIndependentTargetsInParallel = 1;
				LastSwiftUpdateCheck = 1410;
				LastUpgradeCheck = 1420;
				TargetAttributes = {
					E175B4D62FAF3F1900CB6D38 = {
						CreatedOnToolsVersion = 14.1;
						TestTargetID = E1D3D3B92F9F700A00996B53;
					};
					E1D3D3B92F9F700A00996B53 = {
						CreatedOnToolsVersion = 14.2;
					};
				};
			};
			buildConfigurationList = E1D3D3B52F9F700A00996B53 /* Build configuration list for PBXProject "WeatherApp" */;
			compatibilityVersion = "Xcode 14.0";
			developmentRegion = en;
			hasScannedForEncodings = 0;
			knownRegions = (
				en,
				Base,
			);
			mainGroup = E1D3D3B12F9F700A00996B53;
			productRefGroup = E1D3D3BB2F9F700A00996B53 /* Products */;
			projectDirPath = "";
			projectRoot = "";
			targets = (
				E1D3D3B92F9F700A00996B53 /* WeatherApp */,
				E175B4D62FAF3F1900CB6D38 /* WeatherAppTests */,
			);
		};
/* End PBXProject section */

/* Begin PBXResourcesBuildPhase section */
		E175B4D52FAF3F1900CB6D38 /* Resources */ = {
			isa = PBXResourcesBuildPhase;
			buildActionMask = 2147483647;
			files = (
			);
			runOnlyForDeploymentPostprocessing = 0;
		};
		E1D3D3B82F9F700A00996B53 /* Resources */ = {
			isa = PBXResourcesBuildPhase;
			buildActionMask = 2147483647;
			files = (
				E1D3D3C62F9F701000996B53 /* Preview Assets.xcassets in Resources */,
				E1D3D3C22F9F701000996B53 /* Assets.xcassets in Resources */,
			);
			runOnlyForDeploymentPostprocessing = 0;
		};
/* End PBXResourcesBuildPhase section */

/* Begin PBXSourcesBuildPhase section */
		E175B4D32FAF3F1900CB6D38 /* Sources */ = {
			isa = PBXSourcesBuildPhase;
			buildActionMask = 2147483647;
			files = (
				E175B4DA2FAF3F1A00CB6D38 /* WeatherAppTests.swift in Sources */,
			);
			runOnlyForDeploymentPostprocessing = 0;
		};
		E1D3D3B62F9F700A00996B53 /* Sources */ = {
			isa = PBXSourcesBuildPhase;
			buildActionMask = 2147483647;
			files = (
				E189F05E2F9FB60200D8C4F7 /* AppStorageView.swift in Sources */,
				E1D3D3D02F9F714F00996B53 /* Weather.swift in Sources */,
				E1D3D3C02F9F700A00996B53 /* ContentView.swift in Sources */,
				E1D3D3D82F9F760100996B53 /* GeocodingClient.swift in Sources */,
				E1D3D3CE2F9F706300996B53 /* Location.swift in Sources */,
				E189F03C2F9F9B0200D8C4F7 /* UIKitInSwiftUIView.swift in Sources */,
				E1647ED82FAB34580034F15A /* AsynLetDownloadImagesView.swift in Sources */,
				E1D3D3BE2F9F700A00996B53 /* WeatherAppApp.swift in Sources */,
				E1D3D3DA2F9F79B900996B53 /* WeatherClient.swift in Sources */,
				E1C94D522FAB706E000C3017 /* TaskGroupImagesView.swift in Sources */,
				E1D3D3D32F9F72BC00996B53 /* APIEndpoint.swift in Sources */,
				E1D3D3D62F9F738B00996B53 /* Constants.swift in Sources */,
			);
			runOnlyForDeploymentPostprocessing = 0;
		};
/* End PBXSourcesBuildPhase section */

/* Begin PBXTargetDependency section */
		E175B4DC2FAF3F1A00CB6D38 /* PBXTargetDependency */ = {
			isa = PBXTargetDependency;
			target = E1D3D3B92F9F700A00996B53 /* WeatherApp */;
			targetProxy = E175B4DB2FAF3F1A00CB6D38 /* PBXContainerItemProxy */;
		};
/* End PBXTargetDependency section */

/* Begin XCBuildConfiguration section */
		E175B4DD2FAF3F1A00CB6D38 /* Debug */ = {
			isa = XCBuildConfiguration;
			buildSettings = {
				BUNDLE_LOADER = "$(TEST_HOST)";
				CODE_SIGN_STYLE = Automatic;
				CURRENT_PROJECT_VERSION = 1;
				GENERATE_INFOPLIST_FILE = YES;
				IPHONEOS_DEPLOYMENT_TARGET = 16.1;
				MARKETING_VERSION = 1.0;
				PRODUCT_BUNDLE_IDENTIFIER = com.abhishek.com.WeatherAppTests;
				PRODUCT_NAME = "$(TARGET_NAME)";
				SDKROOT = iphoneos;
				SWIFT_EMIT_LOC_STRINGS = NO;
				SWIFT_VERSION = 5.0;
				TARGETED_DEVICE_FAMILY = "1,2";
				TEST_HOST = "$(BUILT_PRODUCTS_DIR)/WeatherApp.app/$(BUNDLE_EXECUTABLE_FOLDER_PATH)/WeatherApp";
			};
			name = Debug;
		};
		E175B4DE2FAF3F1A00CB6D38 /* Release */ = {
			isa = XCBuildConfiguration;
			buildSettings = {
				BUNDLE_LOADER = "$(TEST_HOST)";
				CODE_SIGN_STYLE = Automatic;
				CURRENT_PROJECT_VERSION = 1;
				GENERATE_INFOPLIST_FILE = YES;
				IPHONEOS_DEPLOYMENT_TARGET = 16.1;
				MARKETING_VERSION = 1.0;
				PRODUCT_BUNDLE_IDENTIFIER = com.abhishek.com.WeatherAppTests;
				PRODUCT_NAME = "$(TARGET_NAME)";
				SDKROOT = iphoneos;
				SWIFT_EMIT_LOC_STRINGS = NO;
				SWIFT_VERSION = 5.0;
				TARGETED_DEVICE_FAMILY = "1,2";
				TEST_HOST = "$(BUILT_PRODUCTS_DIR)/WeatherApp.app/$(BUNDLE_EXECUTABLE_FOLDER_PATH)/WeatherApp";
				VALIDATE_PRODUCT = YES;
			};
			name = Release;
		};
		E1D3D3C72F9F701000996B53 /* Debug */ = {
			isa = XCBuildConfiguration;
			buildSettings = {
				ALWAYS_SEARCH_USER_PATHS = NO;
				CLANG_ANALYZER_NONNULL = YES;
				CLANG_ANALYZER_NUMBER_OBJECT_CONVERSION = YES_AGGRESSIVE;
				CLANG_CXX_LANGUAGE_STANDARD = "gnu++20";
				CLANG_ENABLE_MODULES = YES;
				CLANG_ENABLE_OBJC_ARC = YES;
				CLANG_ENABLE_OBJC_WEAK = YES;
				CLANG_WARN_BLOCK_CAPTURE_AUTORELEASING = YES;
				CLANG_WARN_BOOL_CONVERSION = YES;
				CLANG_WARN_COMMA = YES;
				CLANG_WARN_CONSTANT_CONVERSION = YES;
				CLANG_WARN_DEPRECATED_OBJC_IMPLEMENTATIONS = YES;
				CLANG_WARN_DIRECT_OBJC_ISA_USAGE = YES_ERROR;
				CLANG_WARN_DOCUMENTATION_COMMENTS = YES;
				CLANG_WARN_EMPTY_BODY = YES;
				CLANG_WARN_ENUM_CONVERSION = YES;
				CLANG_WARN_INFINITE_RECURSION = YES;
				CLANG_WARN_INT_CONVERSION = YES;
				CLANG_WARN_NON_LITERAL_NULL_CONVERSION = YES;
				CLANG_WARN_OBJC_IMPLICIT_RETAIN_SELF = YES;
				CLANG_WARN_OBJC_LITERAL_CONVERSION = YES;
				CLANG_WARN_OBJC_ROOT_CLASS = YES_ERROR;
				CLANG_WARN_QUOTED_INCLUDE_IN_FRAMEWORK_HEADER = YES;
				CLANG_WARN_RANGE_LOOP_ANALYSIS = YES;
				CLANG_WARN_STRICT_PROTOTYPES = YES;
				CLANG_WARN_SUSPICIOUS_MOVE = YES;
				CLANG_WARN_UNGUARDED_AVAILABILITY = YES_AGGRESSIVE;
				CLANG_WARN_UNREACHABLE_CODE = YES;
				CLANG_WARN__DUPLICATE_METHOD_MATCH = YES;
				COPY_PHASE_STRIP = NO;
				DEBUG_INFORMATION_FORMAT = dwarf;
				ENABLE_STRICT_OBJC_MSGSEND = YES;
				ENABLE_TESTABILITY = YES;
				GCC_C_LANGUAGE_STANDARD = gnu11;
				GCC_DYNAMIC_NO_PIC = NO;
				GCC_NO_COMMON_BLOCKS = YES;
				GCC_OPTIMIZATION_LEVEL = 0;
				GCC_PREPROCESSOR_DEFINITIONS = (
					"DEBUG=1",
					"$(inherited)",
				);
				GCC_WARN_64_TO_32_BIT_CONVERSION = YES;
				GCC_WARN_ABOUT_RETURN_TYPE = YES_ERROR;
				GCC_WARN_UNDECLARED_SELECTOR = YES;
				GCC_WARN_UNINITIALIZED_AUTOS = YES_AGGRESSIVE;
				GCC_WARN_UNUSED_FUNCTION = YES;
				GCC_WARN_UNUSED_VARIABLE = YES;
				MTL_ENABLE_DEBUG_INFO = INCLUDE_SOURCE;
				MTL_FAST_MATH = YES;
				ONLY_ACTIVE_ARCH = YES;
				SWIFT_ACTIVE_COMPILATION_CONDITIONS = DEBUG;
				SWIFT_OPTIMIZATION_LEVEL = "-Onone";
			};
			name = Debug;
		};
		E1D3D3C82F9F701000996B53 /* Release */ = {
			isa = XCBuildConfiguration;
			buildSettings = {
				ALWAYS_SEARCH_USER_PATHS = NO;
				CLANG_ANALYZER_NONNULL = YES;
				CLANG_ANALYZER_NUMBER_OBJECT_CONVERSION = YES_AGGRESSIVE;
				CLANG_CXX_LANGUAGE_STANDARD = "gnu++20";
				CLANG_ENABLE_MODULES = YES;
				CLANG_ENABLE_OBJC_ARC = YES;
				CLANG_ENABLE_OBJC_WEAK = YES;
				CLANG_WARN_BLOCK_CAPTURE_AUTORELEASING = YES;
				CLANG_WARN_BOOL_CONVERSION = YES;
				CLANG_WARN_COMMA = YES;
				CLANG_WARN_CONSTANT_CONVERSION = YES;
				CLANG_WARN_DEPRECATED_OBJC_IMPLEMENTATIONS = YES;
				CLANG_WARN_DIRECT_OBJC_ISA_USAGE = YES_ERROR;
				CLANG_WARN_DOCUMENTATION_COMMENTS = YES;
				CLANG_WARN_EMPTY_BODY = YES;
				CLANG_WARN_ENUM_CONVERSION = YES;
				CLANG_WARN_INFINITE_RECURSION = YES;
				CLANG_WARN_INT_CONVERSION = YES;
				CLANG_WARN_NON_LITERAL_NULL_CONVERSION = YES;
				CLANG_WARN_OBJC_IMPLICIT_RETAIN_SELF = YES;
				CLANG_WARN_OBJC_LITERAL_CONVERSION = YES;
				CLANG_WARN_OBJC_ROOT_CLASS = YES_ERROR;
				CLANG_WARN_QUOTED_INCLUDE_IN_FRAMEWORK_HEADER = YES;
				CLANG_WARN_RANGE_LOOP_ANALYSIS = YES;
				CLANG_WARN_STRICT_PROTOTYPES = YES;
				CLANG_WARN_SUSPICIOUS_MOVE = YES;
				CLANG_WARN_UNGUARDED_AVAILABILITY = YES_AGGRESSIVE;
				CLANG_WARN_UNREACHABLE_CODE = YES;
				CLANG_WARN__DUPLICATE_METHOD_MATCH = YES;
				COPY_PHASE_STRIP = NO;
				DEBUG_INFORMATION_FORMAT = "dwarf-with-dsym";
				ENABLE_NS_ASSERTIONS = NO;
				ENABLE_STRICT_OBJC_MSGSEND = YES;
				GCC_C_LANGUAGE_STANDARD = gnu11;
				GCC_NO_COMMON_BLOCKS = YES;
				GCC_WARN_64_TO_32_BIT_CONVERSION = YES;
				GCC_WARN_ABOUT_RETURN_TYPE = YES_ERROR;
				GCC_WARN_UNDECLARED_SELECTOR = YES;
				GCC_WARN_UNINITIALIZED_AUTOS = YES_AGGRESSIVE;
				GCC_WARN_UNUSED_FUNCTION = YES;
				GCC_WARN_UNUSED_VARIABLE = YES;
				MTL_ENABLE_DEBUG_INFO = NO;
				MTL_FAST_MATH = YES;
				SWIFT_COMPILATION_MODE = wholemodule;
				SWIFT_OPTIMIZATION_LEVEL = "-O";
			};
			name = Release;
		};
		E1D3D3CA2F9F701000996B53 /* Debug */ = {
			isa = XCBuildConfiguration;
			buildSettings = {
				ASSETCATALOG_COMPILER_APPICON_NAME = AppIcon;
				ASSETCATALOG_COMPILER_GLOBAL_ACCENT_COLOR_NAME = AccentColor;
				CODE_SIGN_ENTITLEMENTS = WeatherApp/WeatherApp.entitlements;
				CODE_SIGN_STYLE = Automatic;
				CURRENT_PROJECT_VERSION = 1;
				DEVELOPMENT_ASSET_PATHS = "\"WeatherApp/Preview Content\"";
				ENABLE_PREVIEWS = YES;
				GENERATE_INFOPLIST_FILE = YES;
				"INFOPLIST_KEY_UIApplicationSceneManifest_Generation[sdk=iphoneos*]" = YES;
				"INFOPLIST_KEY_UIApplicationSceneManifest_Generation[sdk=iphonesimulator*]" = YES;
				"INFOPLIST_KEY_UIApplicationSupportsIndirectInputEvents[sdk=iphoneos*]" = YES;
				"INFOPLIST_KEY_UIApplicationSupportsIndirectInputEvents[sdk=iphonesimulator*]" = YES;
				"INFOPLIST_KEY_UILaunchScreen_Generation[sdk=iphoneos*]" = YES;
				"INFOPLIST_KEY_UILaunchScreen_Generation[sdk=iphonesimulator*]" = YES;
				"INFOPLIST_KEY_UIStatusBarStyle[sdk=iphoneos*]" = UIStatusBarStyleDefault;
				"INFOPLIST_KEY_UIStatusBarStyle[sdk=iphonesimulator*]" = UIStatusBarStyleDefault;
				INFOPLIST_KEY_UISupportedInterfaceOrientations_iPad = "UIInterfaceOrientationPortrait UIInterfaceOrientationPortraitUpsideDown UIInterfaceOrientationLandscapeLeft UIInterfaceOrientationLandscapeRight";
				INFOPLIST_KEY_UISupportedInterfaceOrientations_iPhone = "UIInterfaceOrientationPortrait UIInterfaceOrientationLandscapeLeft UIInterfaceOrientationLandscapeRight";
				IPHONEOS_DEPLOYMENT_TARGET = 16.1;
				LD_RUNPATH_SEARCH_PATHS = "@executable_path/Frameworks";
				"LD_RUNPATH_SEARCH_PATHS[sdk=macosx*]" = "@executable_path/../Frameworks";
				MACOSX_DEPLOYMENT_TARGET = 12.7;
				MARKETING_VERSION = 1.0;
				PRODUCT_BUNDLE_IDENTIFIER = com.abhishek.com.WeatherApp;
				PRODUCT_NAME = "$(TARGET_NAME)";
				SDKROOT = auto;
				SUPPORTED_PLATFORMS = "iphoneos iphonesimulator macosx";
				SWIFT_EMIT_LOC_STRINGS = YES;
				SWIFT_VERSION = 5.0;
				TARGETED_DEVICE_FAMILY = "1,2";
			};
			name = Debug;
		};
		E1D3D3CB2F9F701000996B53 /* Release */ = {
			isa = XCBuildConfiguration;
			buildSettings = {
				ASSETCATALOG_COMPILER_APPICON_NAME = AppIcon;
				ASSETCATALOG_COMPILER_GLOBAL_ACCENT_COLOR_NAME = AccentColor;
				CODE_SIGN_ENTITLEMENTS = WeatherApp/WeatherApp.entitlements;
				CODE_SIGN_STYLE = Automatic;
				CURRENT_PROJECT_VERSION = 1;
				DEVELOPMENT_ASSET_PATHS = "\"WeatherApp/Preview Content\"";
				ENABLE_PREVIEWS = YES;
				GENERATE_INFOPLIST_FILE = YES;
				"INFOPLIST_KEY_UIApplicationSceneManifest_Generation[sdk=iphoneos*]" = YES;
				"INFOPLIST_KEY_UIApplicationSceneManifest_Generation[sdk=iphonesimulator*]" = YES;
				"INFOPLIST_KEY_UIApplicationSupportsIndirectInputEvents[sdk=iphoneos*]" = YES;
				"INFOPLIST_KEY_UIApplicationSupportsIndirectInputEvents[sdk=iphonesimulator*]" = YES;
				"INFOPLIST_KEY_UILaunchScreen_Generation[sdk=iphoneos*]" = YES;
				"INFOPLIST_KEY_UILaunchScreen_Generation[sdk=iphonesimulator*]" = YES;
				"INFOPLIST_KEY_UIStatusBarStyle[sdk=iphoneos*]" = UIStatusBarStyleDefault;
				"INFOPLIST_KEY_UIStatusBarStyle[sdk=iphonesimulator*]" = UIStatusBarStyleDefault;
				INFOPLIST_KEY_UISupportedInterfaceOrientations_iPad = "UIInterfaceOrientationPortrait UIInterfaceOrientationPortraitUpsideDown UIInterfaceOrientationLandscapeLeft UIInterfaceOrientationLandscapeRight";
				INFOPLIST_KEY_UISupportedInterfaceOrientations_iPhone = "UIInterfaceOrientationPortrait UIInterfaceOrientationLandscapeLeft UIInterfaceOrientationLandscapeRight";
				IPHONEOS_DEPLOYMENT_TARGET = 16.1;
				LD_RUNPATH_SEARCH_PATHS = "@executable_path/Frameworks";
				"LD_RUNPATH_SEARCH_PATHS[sdk=macosx*]" = "@executable_path/../Frameworks";
				MACOSX_DEPLOYMENT_TARGET = 12.7;
				MARKETING_VERSION = 1.0;
				PRODUCT_BUNDLE_IDENTIFIER = com.abhishek.com.WeatherApp;
				PRODUCT_NAME = "$(TARGET_NAME)";
				SDKROOT = auto;
				SUPPORTED_PLATFORMS = "iphoneos iphonesimulator macosx";
				SWIFT_EMIT_LOC_STRINGS = YES;
				SWIFT_VERSION = 5.0;
				TARGETED_DEVICE_FAMILY = "1,2";
			};
			name = Release;
		};
/* End XCBuildConfiguration section */

/* Begin XCConfigurationList section */
		E175B4DF2FAF3F1A00CB6D38 /* Build configuration list for PBXNativeTarget "WeatherAppTests" */ = {
			isa = XCConfigurationList;
			buildConfigurations = (
				E175B4DD2FAF3F1A00CB6D38 /* Debug */,
				E175B4DE2FAF3F1A00CB6D38 /* Release */,
			);
			defaultConfigurationIsVisible = 0;
			defaultConfigurationName = Release;
		};
		E1D3D3B52F9F700A00996B53 /* Build configuration list for PBXProject "WeatherApp" */ = {
			isa = XCConfigurationList;
			buildConfigurations = (
				E1D3D3C72F9F701000996B53 /* Debug */,
				E1D3D3C82F9F701000996B53 /* Release */,
			);
			defaultConfigurationIsVisible = 0;
			defaultConfigurationName = Release;
		};
		E1D3D3C92F9F701000996B53 /* Build configuration list for PBXNativeTarget "WeatherApp" */ = {
			isa = XCConfigurationList;
			buildConfigurations = (
				E1D3D3CA2F9F701000996B53 /* Debug */,
				E1D3D3CB2F9F701000996B53 /* Release */,
			);
			defaultConfigurationIsVisible = 0;
			defaultConfigurationName = Release;
		};
/* End XCConfigurationList section */
	};
	rootObject = E1D3D3B22F9F700A00996B53 /* Project object */;
}
